
Microsoft Visual Studio Solution File, Format Version 12.00
# Visual Studio Version 16
VisualStudioVersion = 16.0.30907.101
MinimumVisualStudioVersion = 10.0.40219.1
Project("{F184B08F-C81C-45F6-A57F-5ABD9991F28F}") = "BeeldHerkennning1", "BeeldHerkennning1\BeeldHerkennning1.vbproj", "{19046171-0D98-494F-B9EF-D00038AB79E1}"
EndProject
Global
	GlobalSection(SolutionConfigurationPlatforms) = preSolution
		Debug|Any CPU = Debug|Any CPU
		Release|Any CPU = Release|Any CPU
	EndGlobalSection
	GlobalSection(ProjectConfigurationPlatforms) = postSolution
		{19046171-0D98-494F-B9EF-D00038AB79E1}.Debug|Any CPU.ActiveCfg = Debug|Any CPU
		{19046171-0D98-494F-B9EF-D00038AB79E1}.Debug|Any CPU.Build.0 = Debug|Any CPU
		{19046171-0D98-494F-B9EF-D00038AB79E1}.Release|Any CPU.ActiveCfg = Release|Any CPU
		{19046171-0D98-494F-B9EF-D00038AB79E1}.Release|Any CPU.Build.0 = Release|Any CPU
	EndGlobalSection
	GlobalSection(SolutionProperties) = preSolution
		HideSolutionNode = FALSE
	EndGlobalSection
	GlobalSection(ExtensibilityGlobals) = postSolution
		SolutionGuid = {C4A1CAB0-B7B6-489D-A718-448148F484F4}
	EndGlobalSection
EndGlobal
